
Microsoft Visual Studio Solution File, Format Version 12.00
# Visual Studio Version 17
VisualStudioVersion = 17.1.32319.34
MinimumVisualStudioVersion = 10.0.40219.1
Project("{9A19103F-16F7-4668-BE54-9A1E7A4F7556}") = "new-job-challenge.carrefour.api", "src\new-job-challenge.carrefour.api\new-job-challenge.carrefour.api.csproj", "{8330FCF8-CC29-44E3-AA05-6879E0393A29}"
EndProject
Project("{9A19103F-16F7-4668-BE54-9A1E7A4F7556}") = "new-job-challenge.carrefour.application", "src\new-job-challenge.carrefour.application\new-job-challenge.carrefour.application.csproj", "{A4046698-5E8A-4222-94DB-BBE55CFF6331}"
EndProject
Project("{9A19103F-16F7-4668-BE54-9A1E7A4F7556}") = "new-job-challenge.carrefour.domain", "src\new-job-challenge.carrefour.domain\new-job-challenge.carrefour.domain.csproj", "{D35F05D5-08EF-4176-B5AA-DDF3B305EE69}"
EndProject
Project("{9A19103F-16F7-4668-BE54-9A1E7A4F7556}") = "new-job-challenge.carrefour.service", "src\new-job-challenge.carrefour.service\new-job-challenge.carrefour.service.csproj", "{6202CC48-EB62-4EDE-A507-A883C791BD8B}"
EndProject
Project("{2150E333-8FDC-42A3-9474-1A3956D46DE8}") = "Solution Items", "Solution Items", "{9395DA3A-D636-45BB-AF71-69F00ECA987B}"
EndProject
Project("{9A19103F-16F7-4668-BE54-9A1E7A4F7556}") = "new-job-challenge.carrefour.infra.db.cross-cutting", "src\new-job-challenge.carrefour.infra\new-job-challenge.carrefour.infra.db.cross-cutting\new-job-challenge.carrefour.infra.db.cross-cutting.csproj", "{933698BE-C160-49A1-BC86-2B19DEDC3EAE}"
EndProject
Project("{9A19103F-16F7-4668-BE54-9A1E7A4F7556}") = "new-job-challenge.carrefour.infra.db.postgres", "src\new-job-challenge.carrefour.infra\new-job-challenge.carrefour.infra.db.postgres\new-job-challenge.carrefour.infra.db.postgres.csproj", "{FE2BC5F7-00E3-4151-BDC9-99BA625E7F52}"
EndProject
Project("{9A19103F-16F7-4668-BE54-9A1E7A4F7556}") = "new-job-challenge.carrefour.infra.db.redis", "src\new-job-challenge.carrefour.infra\new-job-challenge.carrefour.infra.redis\new-job-challenge.carrefour.infra.db.redis.csproj", "{7C8E61CB-E322-475F-82F6-9A97E93FBCCE}"
EndProject
Project("{9A19103F-16F7-4668-BE54-9A1E7A4F7556}") = "new-job-challenge.carrefour.infra.producer.kafka", "src\new-job-challenge.carrefour.infra\new-job-challenge.carrefour.infra.producer.kafka\new-job-challenge.carrefour.infra.producer.kafka.csproj", "{0D6298E3-532A-4D2F-A9A8-866BEE88C06A}"
EndProject
Project("{FAE04EC0-301F-11D3-BF4B-00C04F79EFBC}") = "new-job-challenge.carrefour.infra.consumer.kafka", "src\new-job-challenge.carrefour.infra\new-job-challenge.carrefour.infra.consumer.kafka\new-job-challenge.carrefour.infra.consumer.kafka.csproj", "{9288E9D3-2DD0-4195-8CCF-ED720EBF3721}"
EndProject
Global
	GlobalSection(SolutionConfigurationPlatforms) = preSolution
		Debug|Any CPU = Debug|Any CPU
		Release|Any CPU = Release|Any CPU
	EndGlobalSection
	GlobalSection(ProjectConfigurationPlatforms) = postSolution
		{8330FCF8-CC29-44E3-AA05-6879E0393A29}.Debug|Any CPU.ActiveCfg = Debug|Any CPU
		{8330FCF8-CC29-44E3-AA05-6879E0393A29}.Debug|Any CPU.Build.0 = Debug|Any CPU
		{8330FCF8-CC29-44E3-AA05-6879E0393A29}.Release|Any CPU.ActiveCfg = Release|Any CPU
		{8330FCF8-CC29-44E3-AA05-6879E0393A29}.Release|Any CPU.Build.0 = Release|Any CPU
		{A4046698-5E8A-4222-94DB-BBE55CFF6331}.Debug|Any CPU.ActiveCfg = Debug|Any CPU
		{A4046698-5E8A-4222-94DB-BBE55CFF6331}.Debug|Any CPU.Build.0 = Debug|Any CPU
		{A4046698-5E8A-4222-94DB-BBE55CFF6331}.Release|Any CPU.ActiveCfg = Release|Any CPU
		{A4046698-5E8A-4222-94DB-BBE55CFF6331}.Release|Any CPU.Build.0 = Release|Any CPU
		{D35F05D5-08EF-4176-B5AA-DDF3B305EE69}.Debug|Any CPU.ActiveCfg = Debug|Any CPU
		{D35F05D5-08EF-4176-B5AA-DDF3B305EE69}.Debug|Any CPU.Build.0 = Debug|Any CPU
		{D35F05D5-08EF-4176-B5AA-DDF3B305EE69}.Release|Any CPU.ActiveCfg = Release|Any CPU
		{D35F05D5-08EF-4176-B5AA-DDF3B305EE69}.Release|Any CPU.Build.0 = Release|Any CPU
		{6202CC48-EB62-4EDE-A507-A883C791BD8B}.Debug|Any CPU.ActiveCfg = Debug|Any CPU
		{6202CC48-EB62-4EDE-A507-A883C791BD8B}.Debug|Any CPU.Build.0 = Debug|Any CPU
		{6202CC48-EB62-4EDE-A507-A883C791BD8B}.Release|Any CPU.ActiveCfg = Release|Any CPU
		{6202CC48-EB62-4EDE-A507-A883C791BD8B}.Release|Any CPU.Build.0 = Release|Any CPU
		{933698BE-C160-49A1-BC86-2B19DEDC3EAE}.Debug|Any CPU.ActiveCfg = Debug|Any CPU
		{933698BE-C160-49A1-BC86-2B19DEDC3EAE}.Debug|Any CPU.Build.0 = Debug|Any CPU
		{933698BE-C160-49A1-BC86-2B19DEDC3EAE}.Release|Any CPU.ActiveCfg = Release|Any CPU
		{933698BE-C160-49A1-BC86-2B19DEDC3EAE}.Release|Any CPU.Build.0 = Release|Any CPU
		{FE2BC5F7-00E3-4151-BDC9-99BA625E7F52}.Debug|Any CPU.ActiveCfg = Debug|Any CPU
		{FE2BC5F7-00E3-4151-BDC9-99BA625E7F52}.Debug|Any CPU.Build.0 = Debug|Any CPU
		{FE2BC5F7-00E3-4151-BDC9-99BA625E7F52}.Release|Any CPU.ActiveCfg = Release|Any CPU
		{FE2BC5F7-00E3-4151-BDC9-99BA625E7F52}.Release|Any CPU.Build.0 = Release|Any CPU
		{7C8E61CB-E322-475F-82F6-9A97E93FBCCE}.Debug|Any CPU.ActiveCfg = Debug|Any CPU
		{7C8E61CB-E322-475F-82F6-9A97E93FBCCE}.Debug|Any CPU.Build.0 = Debug|Any CPU
		{7C8E61CB-E322-475F-82F6-9A97E93FBCCE}.Release|Any CPU.ActiveCfg = Release|Any CPU
		{7C8E61CB-E322-475F-82F6-9A97E93FBCCE}.Release|Any CPU.Build.0 = Release|Any CPU
		{0D6298E3-532A-4D2F-A9A8-866BEE88C06A}.Debug|Any CPU.ActiveCfg = Debug|Any CPU
		{0D6298E3-532A-4D2F-A9A8-866BEE88C06A}.Debug|Any CPU.Build.0 = Debug|Any CPU
		{0D6298E3-532A-4D2F-A9A8-866BEE88C06A}.Release|Any CPU.ActiveCfg = Release|Any CPU
		{0D6298E3-532A-4D2F-A9A8-866BEE88C06A}.Release|Any CPU.Build.0 = Release|Any CPU
		{9288E9D3-2DD0-4195-8CCF-ED720EBF3721}.Debug|Any CPU.ActiveCfg = Debug|Any CPU
		{9288E9D3-2DD0-4195-8CCF-ED720EBF3721}.Debug|Any CPU.Build.0 = Debug|Any CPU
		{9288E9D3-2DD0-4195-8CCF-ED720EBF3721}.Release|Any CPU.ActiveCfg = Release|Any CPU
		{9288E9D3-2DD0-4195-8CCF-ED720EBF3721}.Release|Any CPU.Build.0 = Release|Any CPU
	EndGlobalSection
	GlobalSection(SolutionProperties) = preSolution
		HideSolutionNode = FALSE
	EndGlobalSection
	GlobalSection(ExtensibilityGlobals) = postSolution
		SolutionGuid = {23A3C771-6A56-4F27-8532-1C9FB7F67785}
	EndGlobalSection
EndGlobal
